// !$*UTF8*$!
{
	archiveVersion = 1;
	classes = {
	};
	objectVersion = 56;
	objects = {

/* Begin PBXBuildFile section */
		9528F7802BF4B97800E2CEC6 /* CurrentBufferMetalRenderer.swift in Sources */ = {isa = PBXBuildFile; fileRef = 9528F77F2BF4B97800E2CEC6 /* CurrentBufferMetalRenderer.swift */; };
		9528F7872BF4E52400E2CEC6 /* InputController.swift in Sources */ = {isa = PBXBuildFile; fileRef = 9528F7862BF4E52400E2CEC6 /* InputController.swift */; };
		952C3A7D2C0BDC5C00DF2832 /* openvgdb.sqlite in Resources */ = {isa = PBXBuildFile; fileRef = 952C3A7C2C0BDC5B00DF2832 /* openvgdb.sqlite */; };
		952C5E9C2C108F8C00DF2832 /* ArcadiaGBACore.framework in Frameworks */ = {isa = PBXBuildFile; fileRef = 952C5E9B2C108F8C00DF2832 /* ArcadiaGBACore.framework */; };
		952C5E9D2C108F8C00DF2832 /* ArcadiaGBACore.framework in Embed Frameworks */ = {isa = PBXBuildFile; fileRef = 952C5E9B2C108F8C00DF2832 /* ArcadiaGBACore.framework */; settings = {ATTRIBUTES = (CodeSignOnCopy, RemoveHeadersOnCopy, ); }; };
		952CF6822C0724C200DF2832 /* ArcadiaNESCore.framework in Frameworks */ = {isa = PBXBuildFile; fileRef = 952CF6812C0724C200DF2832 /* ArcadiaNESCore.framework */; };
		952CF6832C0724C200DF2832 /* ArcadiaNESCore.framework in Embed Frameworks */ = {isa = PBXBuildFile; fileRef = 952CF6812C0724C200DF2832 /* ArcadiaNESCore.framework */; settings = {ATTRIBUTES = (CodeSignOnCopy, RemoveHeadersOnCopy, ); }; };
		95456BB62BE2ACA900113B8A /* ArcadiaApp.swift in Sources */ = {isa = PBXBuildFile; fileRef = 95456BB52BE2ACA900113B8A /* ArcadiaApp.swift */; };
		95456BB82BE2ACA900113B8A /* RunGameView.swift in Sources */ = {isa = PBXBuildFile; fileRef = 95456BB72BE2ACA900113B8A /* RunGameView.swift */; };
		95456BBA2BE2ACA900113B8A /* Item.swift in Sources */ = {isa = PBXBuildFile; fileRef = 95456BB92BE2ACA900113B8A /* Item.swift */; };
		95456BC02BE2ACAC00113B8A /* Preview Assets.xcassets in Resources */ = {isa = PBXBuildFile; fileRef = 95456BBF2BE2ACAC00113B8A /* Preview Assets.xcassets */; };
		95456BCA2BE2ACAC00113B8A /* ArcadiaAppTests.swift in Sources */ = {isa = PBXBuildFile; fileRef = 95456BC92BE2ACAC00113B8A /* ArcadiaAppTests.swift */; };
		95456BD42BE2ACAC00113B8A /* ArcadiaAppUITests.swift in Sources */ = {isa = PBXBuildFile; fileRef = 95456BD32BE2ACAC00113B8A /* ArcadiaAppUITests.swift */; };
		95456BD62BE2ACAC00113B8A /* ArcadiaAppUITestsLaunchTests.swift in Sources */ = {isa = PBXBuildFile; fileRef = 95456BD52BE2ACAC00113B8A /* ArcadiaAppUITestsLaunchTests.swift */; };
		955CC3732BF7C29E00C930ED /* CurrentBufferAudioPlayer.swift in Sources */ = {isa = PBXBuildFile; fileRef = 955CC3722BF7C29E00C930ED /* CurrentBufferAudioPlayer.swift */; };
		955CC3752BF7C74E00C930ED /* DPadView.swift in Sources */ = {isa = PBXBuildFile; fileRef = 955CC3742BF7C74E00C930ED /* DPadView.swift */; };
		955CC3792BF7E43400C930ED /* DPadButtonView.swift in Sources */ = {isa = PBXBuildFile; fileRef = 955CC3782BF7E43400C930ED /* DPadButtonView.swift */; };
		955CC37C2BF7E47D00C930ED /* Trapezoid.swift in Sources */ = {isa = PBXBuildFile; fileRef = 955CC37B2BF7E47D00C930ED /* Trapezoid.swift */; };
		955CC3822BF7E54E00C930ED /* CircleButtonView.swift in Sources */ = {isa = PBXBuildFile; fileRef = 955CC3812BF7E54E00C930ED /* CircleButtonView.swift */; };
		955CC3842BF7E63F00C930ED /* CapsuleButtonView.swift in Sources */ = {isa = PBXBuildFile; fileRef = 955CC3832BF7E63F00C930ED /* CapsuleButtonView.swift */; };
		955CC3942BF8EEA100C930ED /* ArcadiaGameType.swift in Sources */ = {isa = PBXBuildFile; fileRef = 955CC3932BF8EEA100C930ED /* ArcadiaGameType.swift */; };
		955CC3982BF9668300C930ED /* ArcadiaCore.framework in Frameworks */ = {isa = PBXBuildFile; fileRef = 955CC3972BF9668300C930ED /* ArcadiaCore.framework */; };
		955CC3992BF9668300C930ED /* ArcadiaCore.framework in Embed Frameworks */ = {isa = PBXBuildFile; fileRef = 955CC3972BF9668300C930ED /* ArcadiaCore.framework */; settings = {ATTRIBUTES = (CodeSignOnCopy, RemoveHeadersOnCopy, ); }; };
		955CC39B2BFA0D9B00C930ED /* Triangle.swift in Sources */ = {isa = PBXBuildFile; fileRef = 955CC39A2BFA0D9B00C930ED /* Triangle.swift */; };
		955CC3A02BFB265D00C930ED /* TwoButtonsView.swift in Sources */ = {isa = PBXBuildFile; fileRef = 955CC39F2BFB265C00C930ED /* TwoButtonsView.swift */; };
		956F83FB2BEA67380025FC5F /* GameLibraryView.swift in Sources */ = {isa = PBXBuildFile; fileRef = 956F83FA2BEA67370025FC5F /* GameLibraryView.swift */; };
		956F83FD2BEA67590025FC5F /* CurrentFrameView.swift in Sources */ = {isa = PBXBuildFile; fileRef = 956F83FC2BEA67590025FC5F /* CurrentFrameView.swift */; };
		956F84002BEA70970025FC5F /* ArcadiaGame.swift in Sources */ = {isa = PBXBuildFile; fileRef = 956F83FF2BEA70970025FC5F /* ArcadiaGame.swift */; };
		956F84022BEA75280025FC5F /* GameCollectionView.swift in Sources */ = {isa = PBXBuildFile; fileRef = 956F84012BEA75280025FC5F /* GameCollectionView.swift */; };
		956F84082BEA8B9B0025FC5F /* ArcadiaFileManager.swift in Sources */ = {isa = PBXBuildFile; fileRef = 956F84072BEA8B9B0025FC5F /* ArcadiaFileManager.swift */; };
		956F840B2BEBED810025FC5F /* GameRowView.swift in Sources */ = {isa = PBXBuildFile; fileRef = 956F840A2BEBED810025FC5F /* GameRowView.swift */; };
		956F840D2BEBF59F0025FC5F /* SettingsView.swift in Sources */ = {isa = PBXBuildFile; fileRef = 956F840C2BEBF59F0025FC5F /* SettingsView.swift */; };
		956F84272BF4846C0025FC5F /* Shaders.metal in Sources */ = {isa = PBXBuildFile; fileRef = 956F84262BF4846C0025FC5F /* Shaders.metal */; };
		956F84292BF486E80025FC5F /* CurrentBufferMetalViewBinding.swift in Sources */ = {isa = PBXBuildFile; fileRef = 956F84282BF486E80025FC5F /* CurrentBufferMetalViewBinding.swift */; };
		956F842E2BF48F190025FC5F /* ArcadiaGBCCore.framework in Frameworks */ = {isa = PBXBuildFile; fileRef = 956F842D2BF48F190025FC5F /* ArcadiaGBCCore.framework */; };
		956F842F2BF48F190025FC5F /* ArcadiaGBCCore.framework in Embed Frameworks */ = {isa = PBXBuildFile; fileRef = 956F842D2BF48F190025FC5F /* ArcadiaGBCCore.framework */; settings = {ATTRIBUTES = (CodeSignOnCopy, RemoveHeadersOnCopy, ); }; };
		95707CB32BFF148B00217B82 /* GCVirtualControllerView.swift in Sources */ = {isa = PBXBuildFile; fileRef = 95707CB22BFF148B00217B82 /* GCVirtualControllerView.swift */; };
		95707CB62BFF4C4D00217B82 /* GBCButtonLayout.swift in Sources */ = {isa = PBXBuildFile; fileRef = 95707CB52BFF4C4D00217B82 /* GBCButtonLayout.swift */; };
		95707CB82C006F4100217B82 /* Assets.xcassets in Resources */ = {isa = PBXBuildFile; fileRef = 95707CB72C006F4100217B82 /* Assets.xcassets */; };
		95707CBA2C00E67100217B82 /* GameSystemRowView.swift in Sources */ = {isa = PBXBuildFile; fileRef = 95707CB92C00E67100217B82 /* GameSystemRowView.swift */; };
		95707CBC2C00ED7500217B82 /* ArrowButtonView.swift in Sources */ = {isa = PBXBuildFile; fileRef = 95707CBB2C00ED7500217B82 /* ArrowButtonView.swift */; };
		95707CBF2C01D77400217B82 /* HelpView.swift in Sources */ = {isa = PBXBuildFile; fileRef = 95707CBE2C01D77400217B82 /* HelpView.swift */; };
		95707CC12C01E38100217B82 /* CreditsView.swift in Sources */ = {isa = PBXBuildFile; fileRef = 95707CC02C01E38100217B82 /* CreditsView.swift */; };
		95707CC32C020F7200217B82 /* OverlayView.swift in Sources */ = {isa = PBXBuildFile; fileRef = 95707CC22C020F7200217B82 /* OverlayView.swift */; };
		959F3BA72C10DE2F009EF53B /* GBAButtonLayout.swift in Sources */ = {isa = PBXBuildFile; fileRef = 959F3BA62C10DE2F009EF53B /* GBAButtonLayout.swift */; };
		959F3BAB2C1188E8009EF53B /* CurrentBufferMetalView.swift in Sources */ = {isa = PBXBuildFile; fileRef = 959F3BAA2C1188E7009EF53B /* CurrentBufferMetalView.swift */; };
		959F81ED2C1A2BB1009EF53B /* InputSettingsView.swift in Sources */ = {isa = PBXBuildFile; fileRef = 959F81EC2C1A2BB1009EF53B /* InputSettingsView.swift */; };
		959F81EF2C1ACC11009EF53B /* GBAButtonLayoutLeft.swift in Sources */ = {isa = PBXBuildFile; fileRef = 959F81EE2C1ACC10009EF53B /* GBAButtonLayoutLeft.swift */; };
		959F81F12C1ACD64009EF53B /* GBAButtonLayoutRight.swift in Sources */ = {isa = PBXBuildFile; fileRef = 959F81F02C1ACD64009EF53B /* GBAButtonLayoutRight.swift */; };
		959F81F32C1B14ED009EF53B /* GBCButtonLayoutLeft.swift in Sources */ = {isa = PBXBuildFile; fileRef = 959F81F22C1B14ED009EF53B /* GBCButtonLayoutLeft.swift */; };
		959F81F62C1B1582009EF53B /* GBCButtonLayoutRight.swift in Sources */ = {isa = PBXBuildFile; fileRef = 959F81F52C1B1582009EF53B /* GBCButtonLayoutRight.swift */; };
		959F81F92C1C684F009EF53B /* PlayerSelectionView.swift in Sources */ = {isa = PBXBuildFile; fileRef = 959F81F82C1C684E009EF53B /* PlayerSelectionView.swift */; };
/* End PBXBuildFile section */

/* Begin PBXContainerItemProxy section */
		95456BC62BE2ACAC00113B8A /* PBXContainerItemProxy */ = {
			isa = PBXContainerItemProxy;
			containerPortal = 95456BAA2BE2ACA900113B8A /* Project object */;
			proxyType = 1;
			remoteGlobalIDString = 95456BB12BE2ACA900113B8A;
			remoteInfo = iRetroApp;
		};
		95456BD02BE2ACAC00113B8A /* PBXContainerItemProxy */ = {
			isa = PBXContainerItemProxy;
			containerPortal = 95456BAA2BE2ACA900113B8A /* Project object */;
			proxyType = 1;
			remoteGlobalIDString = 95456BB12BE2ACA900113B8A;
			remoteInfo = iRetroApp;
		};
/* End PBXContainerItemProxy section */

/* Begin PBXCopyFilesBuildPhase section */
		95456C3B2BE2B4C800113B8A /* Embed Frameworks */ = {
			isa = PBXCopyFilesBuildPhase;
			buildActionMask = 2147483647;
			dstPath = "";
			dstSubfolderSpec = 10;
			files = (
				952C5E9D2C108F8C00DF2832 /* ArcadiaGBACore.framework in Embed Frameworks */,
				956F842F2BF48F190025FC5F /* ArcadiaGBCCore.framework in Embed Frameworks */,
				952CF6832C0724C200DF2832 /* ArcadiaNESCore.framework in Embed Frameworks */,
				955CC3992BF9668300C930ED /* ArcadiaCore.framework in Embed Frameworks */,
			);
			name = "Embed Frameworks";
			runOnlyForDeploymentPostprocessing = 0;
		};
/* End PBXCopyFilesBuildPhase section */

/* Begin PBXFileReference section */
		9528F77F2BF4B97800E2CEC6 /* CurrentBufferMetalRenderer.swift */ = {isa = PBXFileReference; lastKnownFileType = sourcecode.swift; path = CurrentBufferMetalRenderer.swift; sourceTree = "<group>"; };
		9528F7862BF4E52400E2CEC6 /* InputController.swift */ = {isa = PBXFileReference; lastKnownFileType = sourcecode.swift; path = InputController.swift; sourceTree = "<group>"; };
		952C3A7C2C0BDC5B00DF2832 /* openvgdb.sqlite */ = {isa = PBXFileReference; lastKnownFileType = file; path = openvgdb.sqlite; sourceTree = "<group>"; };
		952C5E9B2C108F8C00DF2832 /* ArcadiaGBACore.framework */ = {isa = PBXFileReference; explicitFileType = wrapper.framework; path = ArcadiaGBACore.framework; sourceTree = BUILT_PRODUCTS_DIR; };
		952CF6812C0724C200DF2832 /* ArcadiaNESCore.framework */ = {isa = PBXFileReference; explicitFileType = wrapper.framework; path = ArcadiaNESCore.framework; sourceTree = BUILT_PRODUCTS_DIR; };
		95456BB22BE2ACA900113B8A /* Arcadia.app */ = {isa = PBXFileReference; explicitFileType = wrapper.application; includeInIndex = 0; path = Arcadia.app; sourceTree = BUILT_PRODUCTS_DIR; };
		95456BB52BE2ACA900113B8A /* ArcadiaApp.swift */ = {isa = PBXFileReference; lastKnownFileType = sourcecode.swift; path = ArcadiaApp.swift; sourceTree = "<group>"; };
		95456BB72BE2ACA900113B8A /* RunGameView.swift */ = {isa = PBXFileReference; lastKnownFileType = sourcecode.swift; path = RunGameView.swift; sourceTree = "<group>"; };
		95456BB92BE2ACA900113B8A /* Item.swift */ = {isa = PBXFileReference; lastKnownFileType = sourcecode.swift; path = Item.swift; sourceTree = "<group>"; };
		95456BBD2BE2ACAB00113B8A /* Arcadia.entitlements */ = {isa = PBXFileReference; lastKnownFileType = text.plist.entitlements; path = Arcadia.entitlements; sourceTree = "<group>"; };
		95456BBF2BE2ACAC00113B8A /* Preview Assets.xcassets */ = {isa = PBXFileReference; lastKnownFileType = folder.assetcatalog; path = "Preview Assets.xcassets"; sourceTree = "<group>"; };
		95456BC52BE2ACAC00113B8A /* ArcadiaTests.xctest */ = {isa = PBXFileReference; explicitFileType = wrapper.cfbundle; includeInIndex = 0; path = ArcadiaTests.xctest; sourceTree = BUILT_PRODUCTS_DIR; };
		95456BC92BE2ACAC00113B8A /* ArcadiaAppTests.swift */ = {isa = PBXFileReference; lastKnownFileType = sourcecode.swift; path = ArcadiaAppTests.swift; sourceTree = "<group>"; };
		95456BCF2BE2ACAC00113B8A /* ArcadiaUITests.xctest */ = {isa = PBXFileReference; explicitFileType = wrapper.cfbundle; includeInIndex = 0; path = ArcadiaUITests.xctest; sourceTree = BUILT_PRODUCTS_DIR; };
		95456BD32BE2ACAC00113B8A /* ArcadiaAppUITests.swift */ = {isa = PBXFileReference; lastKnownFileType = sourcecode.swift; path = ArcadiaAppUITests.swift; sourceTree = "<group>"; };
		95456BD52BE2ACAC00113B8A /* ArcadiaAppUITestsLaunchTests.swift */ = {isa = PBXFileReference; lastKnownFileType = sourcecode.swift; path = ArcadiaAppUITestsLaunchTests.swift; sourceTree = "<group>"; };
		955CC3722BF7C29E00C930ED /* CurrentBufferAudioPlayer.swift */ = {isa = PBXFileReference; lastKnownFileType = sourcecode.swift; path = CurrentBufferAudioPlayer.swift; sourceTree = "<group>"; };
		955CC3742BF7C74E00C930ED /* DPadView.swift */ = {isa = PBXFileReference; lastKnownFileType = sourcecode.swift; path = DPadView.swift; sourceTree = "<group>"; };
		955CC3782BF7E43400C930ED /* DPadButtonView.swift */ = {isa = PBXFileReference; lastKnownFileType = sourcecode.swift; path = DPadButtonView.swift; sourceTree = "<group>"; };
		955CC37B2BF7E47D00C930ED /* Trapezoid.swift */ = {isa = PBXFileReference; lastKnownFileType = sourcecode.swift; path = Trapezoid.swift; sourceTree = "<group>"; };
		955CC3812BF7E54E00C930ED /* CircleButtonView.swift */ = {isa = PBXFileReference; lastKnownFileType = sourcecode.swift; path = CircleButtonView.swift; sourceTree = "<group>"; };
		955CC3832BF7E63F00C930ED /* CapsuleButtonView.swift */ = {isa = PBXFileReference; lastKnownFileType = sourcecode.swift; path = CapsuleButtonView.swift; sourceTree = "<group>"; };
		955CC3932BF8EEA100C930ED /* ArcadiaGameType.swift */ = {isa = PBXFileReference; lastKnownFileType = sourcecode.swift; path = ArcadiaGameType.swift; sourceTree = "<group>"; };
		955CC3972BF9668300C930ED /* ArcadiaCore.framework */ = {isa = PBXFileReference; explicitFileType = wrapper.framework; path = ArcadiaCore.framework; sourceTree = BUILT_PRODUCTS_DIR; };
		955CC39A2BFA0D9B00C930ED /* Triangle.swift */ = {isa = PBXFileReference; lastKnownFileType = sourcecode.swift; path = Triangle.swift; sourceTree = "<group>"; };
		955CC39F2BFB265C00C930ED /* TwoButtonsView.swift */ = {isa = PBXFileReference; lastKnownFileType = sourcecode.swift; path = TwoButtonsView.swift; sourceTree = "<group>"; };
		956F83FA2BEA67370025FC5F /* GameLibraryView.swift */ = {isa = PBXFileReference; lastKnownFileType = sourcecode.swift; path = GameLibraryView.swift; sourceTree = "<group>"; };
		956F83FC2BEA67590025FC5F /* CurrentFrameView.swift */ = {isa = PBXFileReference; lastKnownFileType = sourcecode.swift; path = CurrentFrameView.swift; sourceTree = "<group>"; };
		956F83FF2BEA70970025FC5F /* ArcadiaGame.swift */ = {isa = PBXFileReference; lastKnownFileType = sourcecode.swift; path = ArcadiaGame.swift; sourceTree = "<group>"; };
		956F84012BEA75280025FC5F /* GameCollectionView.swift */ = {isa = PBXFileReference; lastKnownFileType = sourcecode.swift; path = GameCollectionView.swift; sourceTree = "<group>"; };
		956F84072BEA8B9B0025FC5F /* ArcadiaFileManager.swift */ = {isa = PBXFileReference; lastKnownFileType = sourcecode.swift; path = ArcadiaFileManager.swift; sourceTree = "<group>"; };
		956F84092BEBE9740025FC5F /* README.md */ = {isa = PBXFileReference; lastKnownFileType = net.daringfireball.markdown; path = README.md; sourceTree = "<group>"; };
		956F840A2BEBED810025FC5F /* GameRowView.swift */ = {isa = PBXFileReference; lastKnownFileType = sourcecode.swift; path = GameRowView.swift; sourceTree = "<group>"; };
		956F840C2BEBF59F0025FC5F /* SettingsView.swift */ = {isa = PBXFileReference; lastKnownFileType = sourcecode.swift; path = SettingsView.swift; sourceTree = "<group>"; };
		956F84262BF4846C0025FC5F /* Shaders.metal */ = {isa = PBXFileReference; lastKnownFileType = sourcecode.metal; path = Shaders.metal; sourceTree = "<group>"; };
		956F84282BF486E80025FC5F /* CurrentBufferMetalViewBinding.swift */ = {isa = PBXFileReference; lastKnownFileType = sourcecode.swift; path = CurrentBufferMetalViewBinding.swift; sourceTree = "<group>"; };
		956F842D2BF48F190025FC5F /* ArcadiaGBCCore.framework */ = {isa = PBXFileReference; explicitFileType = wrapper.framework; path = ArcadiaGBCCore.framework; sourceTree = BUILT_PRODUCTS_DIR; };
		95707CB22BFF148B00217B82 /* GCVirtualControllerView.swift */ = {isa = PBXFileReference; lastKnownFileType = sourcecode.swift; path = GCVirtualControllerView.swift; sourceTree = "<group>"; };
		95707CB52BFF4C4D00217B82 /* GBCButtonLayout.swift */ = {isa = PBXFileReference; lastKnownFileType = sourcecode.swift; path = GBCButtonLayout.swift; sourceTree = "<group>"; };
		95707CB72C006F4100217B82 /* Assets.xcassets */ = {isa = PBXFileReference; lastKnownFileType = folder.assetcatalog; path = Assets.xcassets; sourceTree = "<group>"; };
		95707CB92C00E67100217B82 /* GameSystemRowView.swift */ = {isa = PBXFileReference; lastKnownFileType = sourcecode.swift; path = GameSystemRowView.swift; sourceTree = "<group>"; };
		95707CBB2C00ED7500217B82 /* ArrowButtonView.swift */ = {isa = PBXFileReference; lastKnownFileType = sourcecode.swift; path = ArrowButtonView.swift; sourceTree = "<group>"; };
		95707CBE2C01D77400217B82 /* HelpView.swift */ = {isa = PBXFileReference; lastKnownFileType = sourcecode.swift; path = HelpView.swift; sourceTree = "<group>"; };
		95707CC02C01E38100217B82 /* CreditsView.swift */ = {isa = PBXFileReference; lastKnownFileType = sourcecode.swift; path = CreditsView.swift; sourceTree = "<group>"; };
		95707CC22C020F7200217B82 /* OverlayView.swift */ = {isa = PBXFileReference; lastKnownFileType = sourcecode.swift; path = OverlayView.swift; sourceTree = "<group>"; };
		959F3BA62C10DE2F009EF53B /* GBAButtonLayout.swift */ = {isa = PBXFileReference; lastKnownFileType = sourcecode.swift; path = GBAButtonLayout.swift; sourceTree = "<group>"; };
		959F3BAA2C1188E7009EF53B /* CurrentBufferMetalView.swift */ = {isa = PBXFileReference; lastKnownFileType = sourcecode.swift; path = CurrentBufferMetalView.swift; sourceTree = "<group>"; };
		959F81EC2C1A2BB1009EF53B /* InputSettingsView.swift */ = {isa = PBXFileReference; lastKnownFileType = sourcecode.swift; path = InputSettingsView.swift; sourceTree = "<group>"; };
		959F81EE2C1ACC10009EF53B /* GBAButtonLayoutLeft.swift */ = {isa = PBXFileReference; lastKnownFileType = sourcecode.swift; path = GBAButtonLayoutLeft.swift; sourceTree = "<group>"; };
		959F81F02C1ACD64009EF53B /* GBAButtonLayoutRight.swift */ = {isa = PBXFileReference; lastKnownFileType = sourcecode.swift; path = GBAButtonLayoutRight.swift; sourceTree = "<group>"; };
		959F81F22C1B14ED009EF53B /* GBCButtonLayoutLeft.swift */ = {isa = PBXFileReference; lastKnownFileType = sourcecode.swift; path = GBCButtonLayoutLeft.swift; sourceTree = "<group>"; };
		959F81F52C1B1582009EF53B /* GBCButtonLayoutRight.swift */ = {isa = PBXFileReference; lastKnownFileType = sourcecode.swift; path = GBCButtonLayoutRight.swift; sourceTree = "<group>"; };
		959F81F82C1C684E009EF53B /* PlayerSelectionView.swift */ = {isa = PBXFileReference; lastKnownFileType = sourcecode.swift; path = PlayerSelectionView.swift; sourceTree = "<group>"; };
/* End PBXFileReference section */

/* Begin PBXFrameworksBuildPhase section */
		95456BAF2BE2ACA900113B8A /* Frameworks */ = {
			isa = PBXFrameworksBuildPhase;
			buildActionMask = 2147483647;
			files = (
				952C5E9C2C108F8C00DF2832 /* ArcadiaGBACore.framework in Frameworks */,
				956F842E2BF48F190025FC5F /* ArcadiaGBCCore.framework in Frameworks */,
				952CF6822C0724C200DF2832 /* ArcadiaNESCore.framework in Frameworks */,
				955CC3982BF9668300C930ED /* ArcadiaCore.framework in Frameworks */,
			);
			runOnlyForDeploymentPostprocessing = 0;
		};
		95456BC22BE2ACAC00113B8A /* Frameworks */ = {
			isa = PBXFrameworksBuildPhase;
			buildActionMask = 2147483647;
			files = (
			);
			runOnlyForDeploymentPostprocessing = 0;
		};
		95456BCC2BE2ACAC00113B8A /* Frameworks */ = {
			isa = PBXFrameworksBuildPhase;
			buildActionMask = 2147483647;
			files = (
			);
			runOnlyForDeploymentPostprocessing = 0;
		};
/* End PBXFrameworksBuildPhase section */

/* Begin PBXGroup section */
		952C02222C088EA400DF2832 /* Experimental */ = {
			isa = PBXGroup;
			children = (
				95707CB22BFF148B00217B82 /* GCVirtualControllerView.swift */,
			);
			path = Experimental;
			sourceTree = "<group>";
		};
		952C02232C088EB700DF2832 /* Library */ = {
			isa = PBXGroup;
			children = (
				956F840A2BEBED810025FC5F /* GameRowView.swift */,
				956F84012BEA75280025FC5F /* GameCollectionView.swift */,
				95707CB92C00E67100217B82 /* GameSystemRowView.swift */,
				956F83FA2BEA67370025FC5F /* GameLibraryView.swift */,
			);
			path = Library;
			sourceTree = "<group>";
		};
		952C02242C088ECD00DF2832 /* Game */ = {
			isa = PBXGroup;
			children = (
				95707CC22C020F7200217B82 /* OverlayView.swift */,
				95456BB72BE2ACA900113B8A /* RunGameView.swift */,
				956F84282BF486E80025FC5F /* CurrentBufferMetalViewBinding.swift */,
				956F83FC2BEA67590025FC5F /* CurrentFrameView.swift */,
				959F3BAA2C1188E7009EF53B /* CurrentBufferMetalView.swift */,
			);
			path = Game;
			sourceTree = "<group>";
		};
		952C02252C088EF200DF2832 /* Classes */ = {
			isa = PBXGroup;
			children = (
				9528F7862BF4E52400E2CEC6 /* InputController.swift */,
				955CC3722BF7C29E00C930ED /* CurrentBufferAudioPlayer.swift */,
				9528F77F2BF4B97800E2CEC6 /* CurrentBufferMetalRenderer.swift */,
				956F84072BEA8B9B0025FC5F /* ArcadiaFileManager.swift */,
			);
			path = Classes;
			sourceTree = "<group>";
		};
		95456BA92BE2ACA900113B8A = {
			isa = PBXGroup;
			children = (
				95707CB72C006F4100217B82 /* Assets.xcassets */,
				956F84092BEBE9740025FC5F /* README.md */,
				95456BB42BE2ACA900113B8A /* Arcadia */,
				95456BC82BE2ACAC00113B8A /* ArcadiaAppTests */,
				95456BD22BE2ACAC00113B8A /* ArcadiaAppUITests */,
				95456BB32BE2ACA900113B8A /* Products */,
				95456C372BE2B4C800113B8A /* Frameworks */,
			);
			sourceTree = "<group>";
		};
		95456BB32BE2ACA900113B8A /* Products */ = {
			isa = PBXGroup;
			children = (
				95456BB22BE2ACA900113B8A /* Arcadia.app */,
				95456BC52BE2ACAC00113B8A /* ArcadiaTests.xctest */,
				95456BCF2BE2ACAC00113B8A /* ArcadiaUITests.xctest */,
			);
			name = Products;
			sourceTree = "<group>";
		};
		95456BB42BE2ACA900113B8A /* Arcadia */ = {
			isa = PBXGroup;
			children = (
				952C3A7C2C0BDC5B00DF2832 /* openvgdb.sqlite */,
				952C02252C088EF200DF2832 /* Classes */,
				955CC3922BF8EE8F00C930ED /* Enums */,
				955CC3762BF7E3FF00C930ED /* Views */,
				956F83FE2BEA70800025FC5F /* Models */,
				95456BB52BE2ACA900113B8A /* ArcadiaApp.swift */,
				956F84262BF4846C0025FC5F /* Shaders.metal */,
				95456BBD2BE2ACAB00113B8A /* Arcadia.entitlements */,
				95456BBE2BE2ACAC00113B8A /* Preview Content */,
			);
			path = Arcadia;
			sourceTree = "<group>";
		};
		95456BBE2BE2ACAC00113B8A /* Preview Content */ = {
			isa = PBXGroup;
			children = (
				95456BBF2BE2ACAC00113B8A /* Preview Assets.xcassets */,
			);
			path = "Preview Content";
			sourceTree = "<group>";
		};
		95456BC82BE2ACAC00113B8A /* ArcadiaAppTests */ = {
			isa = PBXGroup;
			children = (
				95456BC92BE2ACAC00113B8A /* ArcadiaAppTests.swift */,
			);
			path = ArcadiaAppTests;
			sourceTree = "<group>";
		};
		95456BD22BE2ACAC00113B8A /* ArcadiaAppUITests */ = {
			isa = PBXGroup;
			children = (
				95456BD32BE2ACAC00113B8A /* ArcadiaAppUITests.swift */,
				95456BD52BE2ACAC00113B8A /* ArcadiaAppUITestsLaunchTests.swift */,
			);
			path = ArcadiaAppUITests;
			sourceTree = "<group>";
		};
		95456C372BE2B4C800113B8A /* Frameworks */ = {
			isa = PBXGroup;
			children = (
				952C5E9B2C108F8C00DF2832 /* ArcadiaGBACore.framework */,
				952CF6812C0724C200DF2832 /* ArcadiaNESCore.framework */,
				955CC3972BF9668300C930ED /* ArcadiaCore.framework */,
				956F842D2BF48F190025FC5F /* ArcadiaGBCCore.framework */,
			);
			name = Frameworks;
			sourceTree = "<group>";
		};
		955CC3762BF7E3FF00C930ED /* Views */ = {
			isa = PBXGroup;
			children = (
				952C02242C088ECD00DF2832 /* Game */,
				952C02232C088EB700DF2832 /* Library */,
				952C02222C088EA400DF2832 /* Experimental */,
				95707CBD2C01D76000217B82 /* Settings */,
				95707CB42BFF4C2F00217B82 /* ButtonsLayout */,
				955CC37A2BF7E47100C930ED /* Shapes */,
				955CC3772BF7E40B00C930ED /* Buttons */,
			);
			path = Views;
			sourceTree = "<group>";
		};
		955CC3772BF7E40B00C930ED /* Buttons */ = {
			isa = PBXGroup;
			children = (
				955CC3742BF7C74E00C930ED /* DPadView.swift */,
				955CC3782BF7E43400C930ED /* DPadButtonView.swift */,
				955CC3812BF7E54E00C930ED /* CircleButtonView.swift */,
				955CC3832BF7E63F00C930ED /* CapsuleButtonView.swift */,
				955CC39F2BFB265C00C930ED /* TwoButtonsView.swift */,
				95707CBB2C00ED7500217B82 /* ArrowButtonView.swift */,
			);
			path = Buttons;
			sourceTree = "<group>";
		};
		955CC37A2BF7E47100C930ED /* Shapes */ = {
			isa = PBXGroup;
			children = (
				955CC37B2BF7E47D00C930ED /* Trapezoid.swift */,
				955CC39A2BFA0D9B00C930ED /* Triangle.swift */,
			);
			path = Shapes;
			sourceTree = "<group>";
		};
		955CC3922BF8EE8F00C930ED /* Enums */ = {
			isa = PBXGroup;
			children = (
				955CC3932BF8EEA100C930ED /* ArcadiaGameType.swift */,
			);
			path = Enums;
			sourceTree = "<group>";
		};
		956F83FE2BEA70800025FC5F /* Models */ = {
			isa = PBXGroup;
			children = (
				95456BB92BE2ACA900113B8A /* Item.swift */,
				956F83FF2BEA70970025FC5F /* ArcadiaGame.swift */,
			);
			path = Models;
			sourceTree = "<group>";
		};
		95707CB42BFF4C2F00217B82 /* ButtonsLayout */ = {
			isa = PBXGroup;
			children = (
				959F81F72C1B15A3009EF53B /* GBA */,
				959F81F42C1B155A009EF53B /* GBC */,
			);
			path = ButtonsLayout;
			sourceTree = "<group>";
		};
		95707CBD2C01D76000217B82 /* Settings */ = {
			isa = PBXGroup;
			children = (
				956F840C2BEBF59F0025FC5F /* SettingsView.swift */,
				95707CC02C01E38100217B82 /* CreditsView.swift */,
				95707CBE2C01D77400217B82 /* HelpView.swift */,
				959F81EC2C1A2BB1009EF53B /* InputSettingsView.swift */,
				959F81F82C1C684E009EF53B /* PlayerSelectionView.swift */,
			);
			path = Settings;
			sourceTree = "<group>";
		};
		959F81F42C1B155A009EF53B /* GBC */ = {
			isa = PBXGroup;
			children = (
				95707CB52BFF4C4D00217B82 /* GBCButtonLayout.swift */,
				959F81F22C1B14ED009EF53B /* GBCButtonLayoutLeft.swift */,
				959F81F52C1B1582009EF53B /* GBCButtonLayoutRight.swift */,
			);
			path = GBC;
			sourceTree = "<group>";
		};
		959F81F72C1B15A3009EF53B /* GBA */ = {
			isa = PBXGroup;
			children = (
				959F3BA62C10DE2F009EF53B /* GBAButtonLayout.swift */,
				959F81F02C1ACD64009EF53B /* GBAButtonLayoutRight.swift */,
				959F81EE2C1ACC10009EF53B /* GBAButtonLayoutLeft.swift */,
			);
			path = GBA;
			sourceTree = "<group>";
		};
/* End PBXGroup section */

/* Begin PBXNativeTarget section */
		95456BB12BE2ACA900113B8A /* Arcadia */ = {
			isa = PBXNativeTarget;
			buildConfigurationList = 95456BD92BE2ACAC00113B8A /* Build configuration list for PBXNativeTarget "Arcadia" */;
			buildPhases = (
				95456BAE2BE2ACA900113B8A /* Sources */,
				95456BAF2BE2ACA900113B8A /* Frameworks */,
				95456BB02BE2ACA900113B8A /* Resources */,
				95456C3B2BE2B4C800113B8A /* Embed Frameworks */,
			);
			buildRules = (
			);
			dependencies = (
			);
			name = Arcadia;
			productName = iRetroApp;
			productReference = 95456BB22BE2ACA900113B8A /* Arcadia.app */;
			productType = "com.apple.product-type.application";
		};
		95456BC42BE2ACAC00113B8A /* ArcadiaTests */ = {
			isa = PBXNativeTarget;
			buildConfigurationList = 95456BDC2BE2ACAC00113B8A /* Build configuration list for PBXNativeTarget "ArcadiaTests" */;
			buildPhases = (
				95456BC12BE2ACAC00113B8A /* Sources */,
				95456BC22BE2ACAC00113B8A /* Frameworks */,
				95456BC32BE2ACAC00113B8A /* Resources */,
			);
			buildRules = (
			);
			dependencies = (
				95456BC72BE2ACAC00113B8A /* PBXTargetDependency */,
			);
			name = ArcadiaTests;
			productName = iRetroAppTests;
			productReference = 95456BC52BE2ACAC00113B8A /* ArcadiaTests.xctest */;
			productType = "com.apple.product-type.bundle.unit-test";
		};
		95456BCE2BE2ACAC00113B8A /* ArcadiaUITests */ = {
			isa = PBXNativeTarget;
			buildConfigurationList = 95456BDF2BE2ACAC00113B8A /* Build configuration list for PBXNativeTarget "ArcadiaUITests" */;
			buildPhases = (
				95456BCB2BE2ACAC00113B8A /* Sources */,
				95456BCC2BE2ACAC00113B8A /* Frameworks */,
				95456BCD2BE2ACAC00113B8A /* Resources */,
			);
			buildRules = (
			);
			dependencies = (
				95456BD12BE2ACAC00113B8A /* PBXTargetDependency */,
			);
			name = ArcadiaUITests;
			productName = iRetroAppUITests;
			productReference = 95456BCF2BE2ACAC00113B8A /* ArcadiaUITests.xctest */;
			productType = "com.apple.product-type.bundle.ui-testing";
		};
/* End PBXNativeTarget section */

/* Begin PBXProject section */
		95456BAA2BE2ACA900113B8A /* Project object */ = {
			isa = PBXProject;
			attributes = {
				BuildIndependentTargetsInParallel = 1;
				LastSwiftUpdateCheck = 1530;
				LastUpgradeCheck = 1530;
				TargetAttributes = {
					95456BB12BE2ACA900113B8A = {
						CreatedOnToolsVersion = 15.3;
					};
					95456BC42BE2ACAC00113B8A = {
						CreatedOnToolsVersion = 15.3;
						TestTargetID = 95456BB12BE2ACA900113B8A;
					};
					95456BCE2BE2ACAC00113B8A = {
						CreatedOnToolsVersion = 15.3;
						TestTargetID = 95456BB12BE2ACA900113B8A;
					};
				};
			};
			buildConfigurationList = 95456BAD2BE2ACA900113B8A /* Build configuration list for PBXProject "Arcadia" */;
			compatibilityVersion = "Xcode 14.0";
			developmentRegion = en;
			hasScannedForEncodings = 0;
			knownRegions = (
				en,
				Base,
			);
			mainGroup = 95456BA92BE2ACA900113B8A;
			productRefGroup = 95456BB32BE2ACA900113B8A /* Products */;
			projectDirPath = "";
			projectRoot = "";
			targets = (
				95456BB12BE2ACA900113B8A /* Arcadia */,
				95456BC42BE2ACAC00113B8A /* ArcadiaTests */,
				95456BCE2BE2ACAC00113B8A /* ArcadiaUITests */,
			);
		};
/* End PBXProject section */

/* Begin PBXResourcesBuildPhase section */
		95456BB02BE2ACA900113B8A /* Resources */ = {
			isa = PBXResourcesBuildPhase;
			buildActionMask = 2147483647;
			files = (
				952C3A7D2C0BDC5C00DF2832 /* openvgdb.sqlite in Resources */,
				95456BC02BE2ACAC00113B8A /* Preview Assets.xcassets in Resources */,
				95707CB82C006F4100217B82 /* Assets.xcassets in Resources */,
			);
			runOnlyForDeploymentPostprocessing = 0;
		};
		95456BC32BE2ACAC00113B8A /* Resources */ = {
			isa = PBXResourcesBuildPhase;
			buildActionMask = 2147483647;
			files = (
			);
			runOnlyForDeploymentPostprocessing = 0;
		};
		95456BCD2BE2ACAC00113B8A /* Resources */ = {
			isa = PBXResourcesBuildPhase;
			buildActionMask = 2147483647;
			files = (
			);
			runOnlyForDeploymentPostprocessing = 0;
		};
/* End PBXResourcesBuildPhase section */

/* Begin PBXSourcesBuildPhase section */
		95456BAE2BE2ACA900113B8A /* Sources */ = {
			isa = PBXSourcesBuildPhase;
			buildActionMask = 2147483647;
			files = (
				959F81F92C1C684F009EF53B /* PlayerSelectionView.swift in Sources */,
				956F84022BEA75280025FC5F /* GameCollectionView.swift in Sources */,
				955CC37C2BF7E47D00C930ED /* Trapezoid.swift in Sources */,
				959F3BAB2C1188E8009EF53B /* CurrentBufferMetalView.swift in Sources */,
				95456BB82BE2ACA900113B8A /* RunGameView.swift in Sources */,
				956F84292BF486E80025FC5F /* CurrentBufferMetalViewBinding.swift in Sources */,
				959F81F32C1B14ED009EF53B /* GBCButtonLayoutLeft.swift in Sources */,
				95707CC12C01E38100217B82 /* CreditsView.swift in Sources */,
				95707CBA2C00E67100217B82 /* GameSystemRowView.swift in Sources */,
				956F84082BEA8B9B0025FC5F /* ArcadiaFileManager.swift in Sources */,
				9528F7802BF4B97800E2CEC6 /* CurrentBufferMetalRenderer.swift in Sources */,
				955CC3732BF7C29E00C930ED /* CurrentBufferAudioPlayer.swift in Sources */,
				959F3BA72C10DE2F009EF53B /* GBAButtonLayout.swift in Sources */,
				95707CC32C020F7200217B82 /* OverlayView.swift in Sources */,
				959F81F12C1ACD64009EF53B /* GBAButtonLayoutRight.swift in Sources */,
				955CC39B2BFA0D9B00C930ED /* Triangle.swift in Sources */,
				955CC3752BF7C74E00C930ED /* DPadView.swift in Sources */,
				95456BBA2BE2ACA900113B8A /* Item.swift in Sources */,
				95707CB62BFF4C4D00217B82 /* GBCButtonLayout.swift in Sources */,
				955CC3A02BFB265D00C930ED /* TwoButtonsView.swift in Sources */,
				956F840B2BEBED810025FC5F /* GameRowView.swift in Sources */,
				959F81F62C1B1582009EF53B /* GBCButtonLayoutRight.swift in Sources */,
				95707CBC2C00ED7500217B82 /* ArrowButtonView.swift in Sources */,
				956F840D2BEBF59F0025FC5F /* SettingsView.swift in Sources */,
				956F84002BEA70970025FC5F /* ArcadiaGame.swift in Sources */,
				95707CBF2C01D77400217B82 /* HelpView.swift in Sources */,
				955CC3942BF8EEA100C930ED /* ArcadiaGameType.swift in Sources */,
				955CC3842BF7E63F00C930ED /* CapsuleButtonView.swift in Sources */,
				956F83FB2BEA67380025FC5F /* GameLibraryView.swift in Sources */,
				956F84272BF4846C0025FC5F /* Shaders.metal in Sources */,
				95707CB32BFF148B00217B82 /* GCVirtualControllerView.swift in Sources */,
				959F81EF2C1ACC11009EF53B /* GBAButtonLayoutLeft.swift in Sources */,
				955CC3792BF7E43400C930ED /* DPadButtonView.swift in Sources */,
				9528F7872BF4E52400E2CEC6 /* InputController.swift in Sources */,
				95456BB62BE2ACA900113B8A /* ArcadiaApp.swift in Sources */,
				956F83FD2BEA67590025FC5F /* CurrentFrameView.swift in Sources */,
				959F81ED2C1A2BB1009EF53B /* InputSettingsView.swift in Sources */,
				955CC3822BF7E54E00C930ED /* CircleButtonView.swift in Sources */,
			);
			runOnlyForDeploymentPostprocessing = 0;
		};
		95456BC12BE2ACAC00113B8A /* Sources */ = {
			isa = PBXSourcesBuildPhase;
			buildActionMask = 2147483647;
			files = (
				95456BCA2BE2ACAC00113B8A /* ArcadiaAppTests.swift in Sources */,
			);
			runOnlyForDeploymentPostprocessing = 0;
		};
		95456BCB2BE2ACAC00113B8A /* Sources */ = {
			isa = PBXSourcesBuildPhase;
			buildActionMask = 2147483647;
			files = (
				95456BD42BE2ACAC00113B8A /* ArcadiaAppUITests.swift in Sources */,
				95456BD62BE2ACAC00113B8A /* ArcadiaAppUITestsLaunchTests.swift in Sources */,
			);
			runOnlyForDeploymentPostprocessing = 0;
		};
/* End PBXSourcesBuildPhase section */

/* Begin PBXTargetDependency section */
		95456BC72BE2ACAC00113B8A /* PBXTargetDependency */ = {
			isa = PBXTargetDependency;
			target = 95456BB12BE2ACA900113B8A /* Arcadia */;
			targetProxy = 95456BC62BE2ACAC00113B8A /* PBXContainerItemProxy */;
		};
		95456BD12BE2ACAC00113B8A /* PBXTargetDependency */ = {
			isa = PBXTargetDependency;
			target = 95456BB12BE2ACA900113B8A /* Arcadia */;
			targetProxy = 95456BD02BE2ACAC00113B8A /* PBXContainerItemProxy */;
		};
/* End PBXTargetDependency section */

/* Begin XCBuildConfiguration section */
		95456BD72BE2ACAC00113B8A /* Debug */ = {
			isa = XCBuildConfiguration;
			buildSettings = {
				ALWAYS_SEARCH_USER_PATHS = NO;
				ASSETCATALOG_COMPILER_GENERATE_SWIFT_ASSET_SYMBOL_EXTENSIONS = YES;
				CLANG_ANALYZER_NONNULL = YES;
				CLANG_ANALYZER_NUMBER_OBJECT_CONVERSION = YES_AGGRESSIVE;
				CLANG_CXX_LANGUAGE_STANDARD = "gnu++20";
				CLANG_ENABLE_MODULES = YES;
				CLANG_ENABLE_OBJC_ARC = YES;
				CLANG_ENABLE_OBJC_WEAK = YES;
				CLANG_WARN_BLOCK_CAPTURE_AUTORELEASING = YES;
				CLANG_WARN_BOOL_CONVERSION = YES;
				CLANG_WARN_COMMA = YES;
				CLANG_WARN_CONSTANT_CONVERSION = YES;
				CLANG_WARN_DEPRECATED_OBJC_IMPLEMENTATIONS = YES;
				CLANG_WARN_DIRECT_OBJC_ISA_USAGE = YES_ERROR;
				CLANG_WARN_DOCUMENTATION_COMMENTS = YES;
				CLANG_WARN_EMPTY_BODY = YES;
				CLANG_WARN_ENUM_CONVERSION = YES;
				CLANG_WARN_INFINITE_RECURSION = YES;
				CLANG_WARN_INT_CONVERSION = YES;
				CLANG_WARN_NON_LITERAL_NULL_CONVERSION = YES;
				CLANG_WARN_OBJC_IMPLICIT_RETAIN_SELF = YES;
				CLANG_WARN_OBJC_LITERAL_CONVERSION = YES;
				CLANG_WARN_OBJC_ROOT_CLASS = YES_ERROR;
				CLANG_WARN_QUOTED_INCLUDE_IN_FRAMEWORK_HEADER = YES;
				CLANG_WARN_RANGE_LOOP_ANALYSIS = YES;
				CLANG_WARN_STRICT_PROTOTYPES = YES;
				CLANG_WARN_SUSPICIOUS_MOVE = YES;
				CLANG_WARN_UNGUARDED_AVAILABILITY = YES_AGGRESSIVE;
				CLANG_WARN_UNREACHABLE_CODE = YES;
				CLANG_WARN__DUPLICATE_METHOD_MATCH = YES;
				COPY_PHASE_STRIP = NO;
				DEBUG_INFORMATION_FORMAT = dwarf;
				ENABLE_STRICT_OBJC_MSGSEND = YES;
				ENABLE_TESTABILITY = YES;
				ENABLE_USER_SCRIPT_SANDBOXING = YES;
				GCC_C_LANGUAGE_STANDARD = gnu17;
				GCC_DYNAMIC_NO_PIC = NO;
				GCC_NO_COMMON_BLOCKS = YES;
				GCC_OPTIMIZATION_LEVEL = 0;
				GCC_PREPROCESSOR_DEFINITIONS = (
					"DEBUG=1",
					"$(inherited)",
				);
				GCC_WARN_64_TO_32_BIT_CONVERSION = YES;
				GCC_WARN_ABOUT_RETURN_TYPE = YES_ERROR;
				GCC_WARN_UNDECLARED_SELECTOR = YES;
				GCC_WARN_UNINITIALIZED_AUTOS = YES_AGGRESSIVE;
				GCC_WARN_UNUSED_FUNCTION = YES;
				GCC_WARN_UNUSED_VARIABLE = YES;
				IPHONEOS_DEPLOYMENT_TARGET = 17.0;
				LOCALIZATION_PREFERS_STRING_CATALOGS = YES;
				MACOSX_DEPLOYMENT_TARGET = 14.0;
				MTL_ENABLE_DEBUG_INFO = INCLUDE_SOURCE;
				MTL_FAST_MATH = YES;
				ONLY_ACTIVE_ARCH = YES;
				SWIFT_ACTIVE_COMPILATION_CONDITIONS = "DEBUG $(inherited)";
				SWIFT_OPTIMIZATION_LEVEL = "-Onone";
			};
			name = Debug;
		};
		95456BD82BE2ACAC00113B8A /* Release */ = {
			isa = XCBuildConfiguration;
			buildSettings = {
				ALWAYS_SEARCH_USER_PATHS = NO;
				ASSETCATALOG_COMPILER_GENERATE_SWIFT_ASSET_SYMBOL_EXTENSIONS = YES;
				CLANG_ANALYZER_NONNULL = YES;
				CLANG_ANALYZER_NUMBER_OBJECT_CONVERSION = YES_AGGRESSIVE;
				CLANG_CXX_LANGUAGE_STANDARD = "gnu++20";
				CLANG_ENABLE_MODULES = YES;
				CLANG_ENABLE_OBJC_ARC = YES;
				CLANG_ENABLE_OBJC_WEAK = YES;
				CLANG_WARN_BLOCK_CAPTURE_AUTORELEASING = YES;
				CLANG_WARN_BOOL_CONVERSION = YES;
				CLANG_WARN_COMMA = YES;
				CLANG_WARN_CONSTANT_CONVERSION = YES;
				CLANG_WARN_DEPRECATED_OBJC_IMPLEMENTATIONS = YES;
				CLANG_WARN_DIRECT_OBJC_ISA_USAGE = YES_ERROR;
				CLANG_WARN_DOCUMENTATION_COMMENTS = YES;
				CLANG_WARN_EMPTY_BODY = YES;
				CLANG_WARN_ENUM_CONVERSION = YES;
				CLANG_WARN_INFINITE_RECURSION = YES;
				CLANG_WARN_INT_CONVERSION = YES;
				CLANG_WARN_NON_LITERAL_NULL_CONVERSION = YES;
				CLANG_WARN_OBJC_IMPLICIT_RETAIN_SELF = YES;
				CLANG_WARN_OBJC_LITERAL_CONVERSION = YES;
				CLANG_WARN_OBJC_ROOT_CLASS = YES_ERROR;
				CLANG_WARN_QUOTED_INCLUDE_IN_FRAMEWORK_HEADER = YES;
				CLANG_WARN_RANGE_LOOP_ANALYSIS = YES;
				CLANG_WARN_STRICT_PROTOTYPES = YES;
				CLANG_WARN_SUSPICIOUS_MOVE = YES;
				CLANG_WARN_UNGUARDED_AVAILABILITY = YES_AGGRESSIVE;
				CLANG_WARN_UNREACHABLE_CODE = YES;
				CLANG_WARN__DUPLICATE_METHOD_MATCH = YES;
				COPY_PHASE_STRIP = NO;
				DEBUG_INFORMATION_FORMAT = "dwarf-with-dsym";
				ENABLE_NS_ASSERTIONS = NO;
				ENABLE_STRICT_OBJC_MSGSEND = YES;
				ENABLE_USER_SCRIPT_SANDBOXING = YES;
				GCC_C_LANGUAGE_STANDARD = gnu17;
				GCC_NO_COMMON_BLOCKS = YES;
				GCC_WARN_64_TO_32_BIT_CONVERSION = YES;
				GCC_WARN_ABOUT_RETURN_TYPE = YES_ERROR;
				GCC_WARN_UNDECLARED_SELECTOR = YES;
				GCC_WARN_UNINITIALIZED_AUTOS = YES_AGGRESSIVE;
				GCC_WARN_UNUSED_FUNCTION = YES;
				GCC_WARN_UNUSED_VARIABLE = YES;
				IPHONEOS_DEPLOYMENT_TARGET = 17.0;
				LOCALIZATION_PREFERS_STRING_CATALOGS = YES;
				MACOSX_DEPLOYMENT_TARGET = 14.0;
				MTL_ENABLE_DEBUG_INFO = NO;
				MTL_FAST_MATH = YES;
				SWIFT_COMPILATION_MODE = wholemodule;
			};
			name = Release;
		};
		95456BDA2BE2ACAC00113B8A /* Debug */ = {
			isa = XCBuildConfiguration;
			buildSettings = {
				ASSETCATALOG_COMPILER_APPICON_NAME = AppIcon;
				ASSETCATALOG_COMPILER_GLOBAL_ACCENT_COLOR_NAME = AccentColor;
				ASSETCATALOG_COMPILER_INCLUDE_ALL_APPICON_ASSETS = YES;
				CODE_SIGN_ENTITLEMENTS = "";
				CODE_SIGN_IDENTITY = "Apple Development";
				CODE_SIGN_STYLE = Automatic;
				CURRENT_PROJECT_VERSION = 1;
				DEVELOPMENT_ASSET_PATHS = "\"Arcadia/Preview Content\"";
				DEVELOPMENT_TEAM = 32DR4Q2NF7;
				ENABLE_HARDENED_RUNTIME = YES;
				ENABLE_PREVIEWS = YES;
				GENERATE_INFOPLIST_FILE = YES;
				INFOPLIST_KEY_UIApplicationSceneManifest_Generation = YES;
				"INFOPLIST_KEY_UIApplicationSceneManifest_Generation[sdk=iphoneos*]" = YES;
				"INFOPLIST_KEY_UIApplicationSceneManifest_Generation[sdk=iphonesimulator*]" = YES;
				INFOPLIST_KEY_UIApplicationSupportsIndirectInputEvents = YES;
				"INFOPLIST_KEY_UIApplicationSupportsIndirectInputEvents[sdk=iphoneos*]" = YES;
				"INFOPLIST_KEY_UIApplicationSupportsIndirectInputEvents[sdk=iphonesimulator*]" = YES;
				INFOPLIST_KEY_UILaunchScreen_Generation = YES;
				"INFOPLIST_KEY_UILaunchScreen_Generation[sdk=iphoneos*]" = YES;
				"INFOPLIST_KEY_UILaunchScreen_Generation[sdk=iphonesimulator*]" = YES;
				INFOPLIST_KEY_UIStatusBarStyle = UIStatusBarStyleDefault;
				"INFOPLIST_KEY_UIStatusBarStyle[sdk=iphoneos*]" = UIStatusBarStyleDefault;
				"INFOPLIST_KEY_UIStatusBarStyle[sdk=iphonesimulator*]" = UIStatusBarStyleDefault;
				INFOPLIST_KEY_UISupportedInterfaceOrientations_iPad = "UIInterfaceOrientationPortrait UIInterfaceOrientationPortraitUpsideDown UIInterfaceOrientationLandscapeLeft UIInterfaceOrientationLandscapeRight";
				INFOPLIST_KEY_UISupportedInterfaceOrientations_iPhone = "UIInterfaceOrientationPortrait UIInterfaceOrientationLandscapeLeft UIInterfaceOrientationLandscapeRight";
				INFOPLIST_KEY_UISupportsDocumentBrowser = YES;
				IPHONEOS_DEPLOYMENT_TARGET = 17.0;
				LD_RUNPATH_SEARCH_PATHS = "@executable_path/Frameworks";
				"LD_RUNPATH_SEARCH_PATHS[sdk=macosx*]" = "@executable_path/../Frameworks";
				MACOSX_DEPLOYMENT_TARGET = 14.0;
				MARKETING_VERSION = 1.0;
				PRODUCT_BUNDLE_IDENTIFIER = com.davideandreoli.Arcadia;
				PRODUCT_NAME = "$(TARGET_NAME)";
				PROVISIONING_PROFILE_SPECIFIER = "";
				SDKROOT = macosx;
				SUPPORTED_PLATFORMS = "iphoneos iphonesimulator macosx";
				SUPPORTS_MACCATALYST = NO;
				SWIFT_EMIT_LOC_STRINGS = YES;
				SWIFT_VERSION = 5.0;
				TARGETED_DEVICE_FAMILY = "1,2";
			};
			name = Debug;
		};
		95456BDB2BE2ACAC00113B8A /* Release */ = {
			isa = XCBuildConfiguration;
			buildSettings = {
				ASSETCATALOG_COMPILER_APPICON_NAME = AppIcon;
				ASSETCATALOG_COMPILER_GLOBAL_ACCENT_COLOR_NAME = AccentColor;
				ASSETCATALOG_COMPILER_INCLUDE_ALL_APPICON_ASSETS = YES;
				CODE_SIGN_ENTITLEMENTS = "";
				CODE_SIGN_IDENTITY = "Apple Development";
				CODE_SIGN_STYLE = Automatic;
				CURRENT_PROJECT_VERSION = 1;
				DEVELOPMENT_ASSET_PATHS = "\"Arcadia/Preview Content\"";
				DEVELOPMENT_TEAM = 32DR4Q2NF7;
				ENABLE_HARDENED_RUNTIME = YES;
				ENABLE_PREVIEWS = YES;
				GENERATE_INFOPLIST_FILE = YES;
				INFOPLIST_KEY_UIApplicationSceneManifest_Generation = YES;
				"INFOPLIST_KEY_UIApplicationSceneManifest_Generation[sdk=iphoneos*]" = YES;
				"INFOPLIST_KEY_UIApplicationSceneManifest_Generation[sdk=iphonesimulator*]" = YES;
				INFOPLIST_KEY_UIApplicationSupportsIndirectInputEvents = YES;
				"INFOPLIST_KEY_UIApplicationSupportsIndirectInputEvents[sdk=iphoneos*]" = YES;
				"INFOPLIST_KEY_UIApplicationSupportsIndirectInputEvents[sdk=iphonesimulator*]" = YES;
				INFOPLIST_KEY_UILaunchScreen_Generation = YES;
				"INFOPLIST_KEY_UILaunchScreen_Generation[sdk=iphoneos*]" = YES;
				"INFOPLIST_KEY_UILaunchScreen_Generation[sdk=iphonesimulator*]" = YES;
				INFOPLIST_KEY_UIStatusBarStyle = UIStatusBarStyleDefault;
				"INFOPLIST_KEY_UIStatusBarStyle[sdk=iphoneos*]" = UIStatusBarStyleDefault;
				"INFOPLIST_KEY_UIStatusBarStyle[sdk=iphonesimulator*]" = UIStatusBarStyleDefault;
				INFOPLIST_KEY_UISupportedInterfaceOrientations_iPad = "UIInterfaceOrientationPortrait UIInterfaceOrientationPortraitUpsideDown UIInterfaceOrientationLandscapeLeft UIInterfaceOrientationLandscapeRight";
				INFOPLIST_KEY_UISupportedInterfaceOrientations_iPhone = "UIInterfaceOrientationPortrait UIInterfaceOrientationLandscapeLeft UIInterfaceOrientationLandscapeRight";
				INFOPLIST_KEY_UISupportsDocumentBrowser = YES;
				IPHONEOS_DEPLOYMENT_TARGET = 17.0;
				LD_RUNPATH_SEARCH_PATHS = "@executable_path/Frameworks";
				"LD_RUNPATH_SEARCH_PATHS[sdk=macosx*]" = "@executable_path/../Frameworks";
				MACOSX_DEPLOYMENT_TARGET = 14.0;
				MARKETING_VERSION = 1.0;
				PRODUCT_BUNDLE_IDENTIFIER = com.davideandreoli.Arcadia;
				PRODUCT_NAME = "$(TARGET_NAME)";
				PROVISIONING_PROFILE_SPECIFIER = "";
				SDKROOT = macosx;
				SUPPORTED_PLATFORMS = "iphoneos iphonesimulator macosx";
				SUPPORTS_MACCATALYST = NO;
				SWIFT_EMIT_LOC_STRINGS = YES;
				SWIFT_VERSION = 5.0;
				TARGETED_DEVICE_FAMILY = "1,2";
			};
			name = Release;
		};
		95456BDD2BE2ACAC00113B8A /* Debug */ = {
			isa = XCBuildConfiguration;
			buildSettings = {
				ALWAYS_EMBED_SWIFT_STANDARD_LIBRARIES = YES;
				BUNDLE_LOADER = "$(TEST_HOST)";
				CODE_SIGN_STYLE = Automatic;
				CURRENT_PROJECT_VERSION = 1;
				DEVELOPMENT_TEAM = 32DR4Q2NF7;
				GENERATE_INFOPLIST_FILE = YES;
				IPHONEOS_DEPLOYMENT_TARGET = 17.4;
				MACOSX_DEPLOYMENT_TARGET = 14.0;
				MARKETING_VERSION = 1.0;
				PRODUCT_BUNDLE_IDENTIFIER = com.davideandreoli.iRetroAppTests;
				PRODUCT_NAME = "$(TARGET_NAME)";
				SDKROOT = auto;
				SUPPORTED_PLATFORMS = "iphoneos iphonesimulator macosx";
				SWIFT_EMIT_LOC_STRINGS = NO;
				SWIFT_VERSION = 5.0;
				TARGETED_DEVICE_FAMILY = "1,2";
				TEST_HOST = "$(BUILT_PRODUCTS_DIR)/Arcadia.app/$(BUNDLE_EXECUTABLE_FOLDER_PATH)/Arcadia";
			};
			name = Debug;
		};
		95456BDE2BE2ACAC00113B8A /* Release */ = {
			isa = XCBuildConfiguration;
			buildSettings = {
				ALWAYS_EMBED_SWIFT_STANDARD_LIBRARIES = YES;
				BUNDLE_LOADER = "$(TEST_HOST)";
				CODE_SIGN_STYLE = Automatic;
				CURRENT_PROJECT_VERSION = 1;
				DEVELOPMENT_TEAM = 32DR4Q2NF7;
				GENERATE_INFOPLIST_FILE = YES;
				IPHONEOS_DEPLOYMENT_TARGET = 17.4;
				MACOSX_DEPLOYMENT_TARGET = 14.0;
				MARKETING_VERSION = 1.0;
				PRODUCT_BUNDLE_IDENTIFIER = com.davideandreoli.iRetroAppTests;
				PRODUCT_NAME = "$(TARGET_NAME)";
				SDKROOT = auto;
				SUPPORTED_PLATFORMS = "iphoneos iphonesimulator macosx";
				SWIFT_EMIT_LOC_STRINGS = NO;
				SWIFT_VERSION = 5.0;
				TARGETED_DEVICE_FAMILY = "1,2";
				TEST_HOST = "$(BUILT_PRODUCTS_DIR)/Arcadia.app/$(BUNDLE_EXECUTABLE_FOLDER_PATH)/Arcadia";
			};
			name = Release;
		};
		95456BE02BE2ACAC00113B8A /* Debug */ = {
			isa = XCBuildConfiguration;
			buildSettings = {
				ALWAYS_EMBED_SWIFT_STANDARD_LIBRARIES = YES;
				CODE_SIGN_STYLE = Automatic;
				CURRENT_PROJECT_VERSION = 1;
				DEVELOPMENT_TEAM = 32DR4Q2NF7;
				GENERATE_INFOPLIST_FILE = YES;
				IPHONEOS_DEPLOYMENT_TARGET = 17.4;
				MACOSX_DEPLOYMENT_TARGET = 14.0;
				MARKETING_VERSION = 1.0;
				PRODUCT_BUNDLE_IDENTIFIER = com.davideandreoli.iRetroAppUITests;
				PRODUCT_NAME = "$(TARGET_NAME)";
				SDKROOT = auto;
				SUPPORTED_PLATFORMS = "iphoneos iphonesimulator macosx";
				SWIFT_EMIT_LOC_STRINGS = NO;
				SWIFT_VERSION = 5.0;
				TARGETED_DEVICE_FAMILY = "1,2";
				TEST_TARGET_NAME = iRetroApp;
			};
			name = Debug;
		};
		95456BE12BE2ACAC00113B8A /* Release */ = {
			isa = XCBuildConfiguration;
			buildSettings = {
				ALWAYS_EMBED_SWIFT_STANDARD_LIBRARIES = YES;
				CODE_SIGN_STYLE = Automatic;
				CURRENT_PROJECT_VERSION = 1;
				DEVELOPMENT_TEAM = 32DR4Q2NF7;
				GENERATE_INFOPLIST_FILE = YES;
				IPHONEOS_DEPLOYMENT_TARGET = 17.4;
				MACOSX_DEPLOYMENT_TARGET = 14.0;
				MARKETING_VERSION = 1.0;
				PRODUCT_BUNDLE_IDENTIFIER = com.davideandreoli.iRetroAppUITests;
				PRODUCT_NAME = "$(TARGET_NAME)";
				SDKROOT = auto;
				SUPPORTED_PLATFORMS = "iphoneos iphonesimulator macosx";
				SWIFT_EMIT_LOC_STRINGS = NO;
				SWIFT_VERSION = 5.0;
				TARGETED_DEVICE_FAMILY = "1,2";
				TEST_TARGET_NAME = iRetroApp;
			};
			name = Release;
		};
/* End XCBuildConfiguration section */

/* Begin XCConfigurationList section */
		95456BAD2BE2ACA900113B8A /* Build configuration list for PBXProject "Arcadia" */ = {
			isa = XCConfigurationList;
			buildConfigurations = (
				95456BD72BE2ACAC00113B8A /* Debug */,
				95456BD82BE2ACAC00113B8A /* Release */,
			);
			defaultConfigurationIsVisible = 0;
			defaultConfigurationName = Release;
		};
		95456BD92BE2ACAC00113B8A /* Build configuration list for PBXNativeTarget "Arcadia" */ = {
			isa = XCConfigurationList;
			buildConfigurations = (
				95456BDA2BE2ACAC00113B8A /* Debug */,
				95456BDB2BE2ACAC00113B8A /* Release */,
			);
			defaultConfigurationIsVisible = 0;
			defaultConfigurationName = Release;
		};
		95456BDC2BE2ACAC00113B8A /* Build configuration list for PBXNativeTarget "ArcadiaTests" */ = {
			isa = XCConfigurationList;
			buildConfigurations = (
				95456BDD2BE2ACAC00113B8A /* Debug */,
				95456BDE2BE2ACAC00113B8A /* Release */,
			);
			defaultConfigurationIsVisible = 0;
			defaultConfigurationName = Release;
		};
		95456BDF2BE2ACAC00113B8A /* Build configuration list for PBXNativeTarget "ArcadiaUITests" */ = {
			isa = XCConfigurationList;
			buildConfigurations = (
				95456BE02BE2ACAC00113B8A /* Debug */,
				95456BE12BE2ACAC00113B8A /* Release */,
			);
			defaultConfigurationIsVisible = 0;
			defaultConfigurationName = Release;
		};
/* End XCConfigurationList section */
	};
	rootObject = 95456BAA2BE2ACA900113B8A /* Project object */;
}
